
Microsoft Visual Studio Solution File, Format Version 12.00
# Visual Studio 2013
VisualStudioVersion = 12.0.30501.0
MinimumVisualStudioVersion = 10.0.40219.1
Project("{FAE04EC0-301F-11D3-BF4B-00C04F79EFBC}") = "GoMusic", "GoMusic\GoMusic.csproj", "{314FAC6D-BF26-4108-B573-059F22C9B32F}"
EndProject
Global
	GlobalSection(TeamFoundationVersionControl) = preSolution
		SccNumberOfProjects = 2
		SccEnterpriseProvider = {4CA58AB2-18FA-4F8D-95D4-32DDF27D184C}
		SccTeamFoundationServer = https://minhthai40.visualstudio.com/defaultcollection
		SccLocalPath0 = .
		SccProjectUniqueName1 = GoMusic\\GoMusic.csproj
		SccProjectName1 = GoMusic
		SccLocalPath1 = GoMusic
	EndGlobalSection
	GlobalSection(SolutionConfigurationPlatforms) = preSolution
		Debug|Any CPU = Debug|Any CPU
		Debug|ARM = Debug|ARM
		Debug|Mixed Platforms = Debug|Mixed Platforms
		Debug|Win32 = Debug|Win32
		Debug|x86 = Debug|x86
		Release|Any CPU = Release|Any CPU
		Release|ARM = Release|ARM
		Release|Mixed Platforms = Release|Mixed Platforms
		Release|Win32 = Release|Win32
		Release|x86 = Release|x86
	EndGlobalSection
	GlobalSection(ProjectConfigurationPlatforms) = postSolution
		{314FAC6D-BF26-4108-B573-059F22C9B32F}.Debug|Any CPU.ActiveCfg = Debug|Any CPU
		{314FAC6D-BF26-4108-B573-059F22C9B32F}.Debug|Any CPU.Build.0 = Debug|Any CPU
		{314FAC6D-BF26-4108-B573-059F22C9B32F}.Debug|Any CPU.Deploy.0 = Debug|Any CPU
		{314FAC6D-BF26-4108-B573-059F22C9B32F}.Debug|ARM.ActiveCfg = Debug|ARM
		{314FAC6D-BF26-4108-B573-059F22C9B32F}.Debug|ARM.Build.0 = Debug|ARM
		{314FAC6D-BF26-4108-B573-059F22C9B32F}.Debug|ARM.Deploy.0 = Debug|ARM
		{314FAC6D-BF26-4108-B573-059F22C9B32F}.Debug|Mixed Platforms.ActiveCfg = Debug|Any CPU
		{314FAC6D-BF26-4108-B573-059F22C9B32F}.Debug|Mixed Platforms.Build.0 = Debug|Any CPU
		{314FAC6D-BF26-4108-B573-059F22C9B32F}.Debug|Mixed Platforms.Deploy.0 = Debug|Any CPU
		{314FAC6D-BF26-4108-B573-059F22C9B32F}.Debug|Win32.ActiveCfg = Debug|x86
		{314FAC6D-BF26-4108-B573-059F22C9B32F}.Debug|Win32.Build.0 = Debug|x86
		{314FAC6D-BF26-4108-B573-059F22C9B32F}.Debug|Win32.Deploy.0 = Debug|x86
		{314FAC6D-BF26-4108-B573-059F22C9B32F}.Debug|x86.ActiveCfg = Debug|x86
		{314FAC6D-BF26-4108-B573-059F22C9B32F}.Debug|x86.Build.0 = Debug|x86
		{314FAC6D-BF26-4108-B573-059F22C9B32F}.Debug|x86.Deploy.0 = Debug|x86
		{314FAC6D-BF26-4108-B573-059F22C9B32F}.Release|Any CPU.ActiveCfg = Release|Any CPU
		{314FAC6D-BF26-4108-B573-059F22C9B32F}.Release|Any CPU.Build.0 = Release|Any CPU
		{314FAC6D-BF26-4108-B573-059F22C9B32F}.Release|Any CPU.Deploy.0 = Release|Any CPU
		{314FAC6D-BF26-4108-B573-059F22C9B32F}.Release|ARM.ActiveCfg = Release|ARM
		{314FAC6D-BF26-4108-B573-059F22C9B32F}.Release|ARM.Build.0 = Release|ARM
		{314FAC6D-BF26-4108-B573-059F22C9B32F}.Release|ARM.Deploy.0 = Release|ARM
		{314FAC6D-BF26-4108-B573-059F22C9B32F}.Release|Mixed Platforms.ActiveCfg = Release|Any CPU
		{314FAC6D-BF26-4108-B573-059F22C9B32F}.Release|Mixed Platforms.Build.0 = Release|Any CPU
		{314FAC6D-BF26-4108-B573-059F22C9B32F}.Release|Mixed Platforms.Deploy.0 = Release|Any CPU
		{314FAC6D-BF26-4108-B573-059F22C9B32F}.Release|Win32.ActiveCfg = Release|x86
		{314FAC6D-BF26-4108-B573-059F22C9B32F}.Release|Win32.Build.0 = Release|x86
		{314FAC6D-BF26-4108-B573-059F22C9B32F}.Release|Win32.Deploy.0 = Release|x86
		{314FAC6D-BF26-4108-B573-059F22C9B32F}.Release|x86.ActiveCfg = Release|x86
		{314FAC6D-BF26-4108-B573-059F22C9B32F}.Release|x86.Build.0 = Release|x86
		{314FAC6D-BF26-4108-B573-059F22C9B32F}.Release|x86.Deploy.0 = Release|x86
	EndGlobalSection
	GlobalSection(SolutionProperties) = preSolution
		HideSolutionNode = FALSE
	EndGlobalSection
EndGlobal
